
Microsoft Visual Studio Solution File, Format Version 12.00
# Visual Studio Version 16
VisualStudioVersion = 16.0.30907.101
MinimumVisualStudioVersion = 10.0.40219.1
Project("{FAE04EC0-301F-11D3-BF4B-00C04F79EFBC}") = "practicaDI_1", "practicaDI_1.csproj", "{A187D1C3-327B-4844-98E0-8E7C2DA594D0}"
EndProject
Project("{FAE04EC0-301F-11D3-BF4B-00C04F79EFBC}") = "XUnitTestProject1", "..\XUnitTestProject1\XUnitTestProject1.csproj", "{851A935F-7712-423B-8FB0-08ECEB933324}"
EndProject
Global
	GlobalSection(SolutionConfigurationPlatforms) = preSolution
		Debug|Any CPU = Debug|Any CPU
		Release|Any CPU = Release|Any CPU
	EndGlobalSection
	GlobalSection(ProjectConfigurationPlatforms) = postSolution
		{A187D1C3-327B-4844-98E0-8E7C2DA594D0}.Debug|Any CPU.ActiveCfg = Debug|Any CPU
		{A187D1C3-327B-4844-98E0-8E7C2DA594D0}.Debug|Any CPU.Build.0 = Debug|Any CPU
		{A187D1C3-327B-4844-98E0-8E7C2DA594D0}.Release|Any CPU.ActiveCfg = Release|Any CPU
		{A187D1C3-327B-4844-98E0-8E7C2DA594D0}.Release|Any CPU.Build.0 = Release|Any CPU
		{851A935F-7712-423B-8FB0-08ECEB933324}.Debug|Any CPU.ActiveCfg = Debug|Any CPU
		{851A935F-7712-423B-8FB0-08ECEB933324}.Debug|Any CPU.Build.0 = Debug|Any CPU
		{851A935F-7712-423B-8FB0-08ECEB933324}.Release|Any CPU.ActiveCfg = Release|Any CPU
		{851A935F-7712-423B-8FB0-08ECEB933324}.Release|Any CPU.Build.0 = Release|Any CPU
	EndGlobalSection
	GlobalSection(SolutionProperties) = preSolution
		HideSolutionNode = FALSE
	EndGlobalSection
	GlobalSection(ExtensibilityGlobals) = postSolution
		SolutionGuid = {5D418CFF-A3F3-4597-93E4-3443D8EA205A}
	EndGlobalSection
EndGlobal
